
Microsoft Visual Studio Solution File, Format Version 12.00
# Visual Studio Version 17
VisualStudioVersion = 17.0.31903.59
MinimumVisualStudioVersion = 10.0.40219.1
Project("{2150E333-8FDC-42A3-9474-1A3956D46DE8}") = "src", "src", "{827E0CD3-B72D-47B6-A68D-7590B98EB39B}"
EndProject
Project("{FAE04EC0-301F-11D3-BF4B-00C04F79EFBC}") = "GlassDock.App", "src\GlassDock.App\GlassDock.App.csproj", "{2F7C2141-C3D5-4AB7-8F8E-A01F27F51A43}"
EndProject
Project("{FAE04EC0-301F-11D3-BF4B-00C04F79EFBC}") = "GlassDock.Core", "src\GlassDock.Core\GlassDock.Core.csproj", "{F65BA51E-9D9A-408E-B23F-931BF56AF0D2}"
EndProject
Project("{FAE04EC0-301F-11D3-BF4B-00C04F79EFBC}") = "GlassDock.Windows", "src\GlassDock.Windows\GlassDock.Windows.csproj", "{23431447-9DE9-4634-9D93-3B4E367C8231}"
EndProject
Project("{FAE04EC0-301F-11D3-BF4B-00C04F79EFBC}") = "GlassDock.Licensing", "src\GlassDock.Licensing\GlassDock.Licensing.csproj", "{E7BB740F-EC28-46B2-A094-A7341D494A41}"
EndProject
Project("{FAE04EC0-301F-11D3-BF4B-00C04F79EFBC}") = "GlassDock.Watchdog", "src\GlassDock.Watchdog\GlassDock.Watchdog.csproj", "{57F46B35-874C-4C84-874F-BE569899BD55}"
EndProject
Project("{2150E333-8FDC-42A3-9474-1A3956D46DE8}") = "tests", "tests", "{0AB3BF05-4346-4AA6-1389-037BE0695223}"
EndProject
Project("{FAE04EC0-301F-11D3-BF4B-00C04F79EFBC}") = "GlassDock.Core.Tests", "tests\GlassDock.Core.Tests\GlassDock.Core.Tests.csproj", "{30A23136-E902-4A05-A2AC-40EB7A06A810}"
EndProject
Project("{FAE04EC0-301F-11D3-BF4B-00C04F79EFBC}") = "GlassDock.Windows.Tests", "tests\GlassDock.Windows.Tests\GlassDock.Windows.Tests.csproj", "{DA1438CC-E30E-470A-B250-52AA9C72D612}"
EndProject
Global
	GlobalSection(SolutionConfigurationPlatforms) = preSolution
		Debug|Any CPU = Debug|Any CPU
		Debug|x64 = Debug|x64
		Debug|x86 = Debug|x86
		Release|Any CPU = Release|Any CPU
		Release|x64 = Release|x64
		Release|x86 = Release|x86
	EndGlobalSection
	GlobalSection(ProjectConfigurationPlatforms) = postSolution
		{2F7C2141-C3D5-4AB7-8F8E-A01F27F51A43}.Debug|Any CPU.ActiveCfg = Debug|Any CPU
		{2F7C2141-C3D5-4AB7-8F8E-A01F27F51A43}.Debug|Any CPU.Build.0 = Debug|Any CPU
		{2F7C2141-C3D5-4AB7-8F8E-A01F27F51A43}.Debug|x64.ActiveCfg = Debug|Any CPU
		{2F7C2141-C3D5-4AB7-8F8E-A01F27F51A43}.Debug|x64.Build.0 = Debug|Any CPU
		{2F7C2141-C3D5-4AB7-8F8E-A01F27F51A43}.Debug|x86.ActiveCfg = Debug|Any CPU
		{2F7C2141-C3D5-4AB7-8F8E-A01F27F51A43}.Debug|x86.Build.0 = Debug|Any CPU
		{2F7C2141-C3D5-4AB7-8F8E-A01F27F51A43}.Release|Any CPU.ActiveCfg = Release|Any CPU
		{2F7C2141-C3D5-4AB7-8F8E-A01F27F51A43}.Release|Any CPU.Build.0 = Release|Any CPU
		{2F7C2141-C3D5-4AB7-8F8E-A01F27F51A43}.Release|x64.ActiveCfg = Release|Any CPU
		{2F7C2141-C3D5-4AB7-8F8E-A01F27F51A43}.Release|x64.Build.0 = Release|Any CPU
		{2F7C2141-C3D5-4AB7-8F8E-A01F27F51A43}.Release|x86.ActiveCfg = Release|Any CPU
		{2F7C2141-C3D5-4AB7-8F8E-A01F27F51A43}.Release|x86.Build.0 = Release|Any CPU
		{F65BA51E-9D9A-408E-B23F-931BF56AF0D2}.Debug|Any CPU.ActiveCfg = Debug|Any CPU
		{F65BA51E-9D9A-408E-B23F-931BF56AF0D2}.Debug|Any CPU.Build.0 = Debug|Any CPU
		{F65BA51E-9D9A-408E-B23F-931BF56AF0D2}.Debug|x64.ActiveCfg = Debug|Any CPU
		{F65BA51E-9D9A-408E-B23F-931BF56AF0D2}.Debug|x64.Build.0 = Debug|Any CPU
		{F65BA51E-9D9A-408E-B23F-931BF56AF0D2}.Debug|x86.ActiveCfg = Debug|Any CPU
		{F65BA51E-9D9A-408E-B23F-931BF56AF0D2}.Debug|x86.Build.0 = Debug|Any CPU
		{F65BA51E-9D9A-408E-B23F-931BF56AF0D2}.Release|Any CPU.ActiveCfg = Release|Any CPU
		{F65BA51E-9D9A-408E-B23F-931BF56AF0D2}.Release|Any CPU.Build.0 = Release|Any CPU
		{F65BA51E-9D9A-408E-B23F-931BF56AF0D2}.Release|x64.ActiveCfg = Release|Any CPU
		{F65BA51E-9D9A-408E-B23F-931BF56AF0D2}.Release|x64.Build.0 = Release|Any CPU
		{F65BA51E-9D9A-408E-B23F-931BF56AF0D2}.Release|x86.ActiveCfg = Release|Any CPU
		{F65BA51E-9D9A-408E-B23F-931BF56AF0D2}.Release|x86.Build.0 = Release|Any CPU
		{23431447-9DE9-4634-9D93-3B4E367C8231}.Debug|Any CPU.ActiveCfg = Debug|Any CPU
		{23431447-9DE9-4634-9D93-3B4E367C8231}.Debug|Any CPU.Build.0 = Debug|Any CPU
		{23431447-9DE9-4634-9D93-3B4E367C8231}.Debug|x64.ActiveCfg = Debug|Any CPU
		{23431447-9DE9-4634-9D93-3B4E367C8231}.Debug|x64.Build.0 = Debug|Any CPU
		{23431447-9DE9-4634-9D93-3B4E367C8231}.Debug|x86.ActiveCfg = Debug|Any CPU
		{23431447-9DE9-4634-9D93-3B4E367C8231}.Debug|x86.Build.0 = Debug|Any CPU
		{23431447-9DE9-4634-9D93-3B4E367C8231}.Release|Any CPU.ActiveCfg = Release|Any CPU
		{23431447-9DE9-4634-9D93-3B4E367C8231}.Release|Any CPU.Build.0 = Release|Any CPU
		{23431447-9DE9-4634-9D93-3B4E367C8231}.Release|x64.ActiveCfg = Release|Any CPU
		{23431447-9DE9-4634-9D93-3B4E367C8231}.Release|x64.Build.0 = Release|Any CPU
		{23431447-9DE9-4634-9D93-3B4E367C8231}.Release|x86.ActiveCfg = Release|Any CPU
		{23431447-9DE9-4634-9D93-3B4E367C8231}.Release|x86.Build.0 = Release|Any CPU
		{E7BB740F-EC28-46B2-A094-A7341D494A41}.Debug|Any CPU.ActiveCfg = Debug|Any CPU
		{E7BB740F-EC28-46B2-A094-A7341D494A41}.Debug|Any CPU.Build.0 = Debug|Any CPU
		{E7BB740F-EC28-46B2-A094-A7341D494A41}.Debug|x64.ActiveCfg = Debug|Any CPU
		{E7BB740F-EC28-46B2-A094-A7341D494A41}.Debug|x64.Build.0 = Debug|Any CPU
		{E7BB740F-EC28-46B2-A094-A7341D494A41}.Debug|x86.ActiveCfg = Debug|Any CPU
		{E7BB740F-EC28-46B2-A094-A7341D494A41}.Debug|x86.Build.0 = Debug|Any CPU
		{E7BB740F-EC28-46B2-A094-A7341D494A41}.Release|Any CPU.ActiveCfg = Release|Any CPU
		{E7BB740F-EC28-46B2-A094-A7341D494A41}.Release|Any CPU.Build.0 = Release|Any CPU
		{E7BB740F-EC28-46B2-A094-A7341D494A41}.Release|x64.ActiveCfg = Release|Any CPU
		{E7BB740F-EC28-46B2-A094-A7341D494A41}.Release|x64.Build.0 = Release|Any CPU
		{E7BB740F-EC28-46B2-A094-A7341D494A41}.Release|x86.ActiveCfg = Release|Any CPU
		{E7BB740F-EC28-46B2-A094-A7341D494A41}.Release|x86.Build.0 = Release|Any CPU
		{57F46B35-874C-4C84-874F-BE569899BD55}.Debug|Any CPU.ActiveCfg = Debug|Any CPU
		{57F46B35-874C-4C84-874F-BE569899BD55}.Debug|Any CPU.Build.0 = Debug|Any CPU
		{57F46B35-874C-4C84-874F-BE569899BD55}.Debug|x64.ActiveCfg = Debug|Any CPU
		{57F46B35-874C-4C84-874F-BE569899BD55}.Debug|x64.Build.0 = Debug|Any CPU
		{57F46B35-874C-4C84-874F-BE569899BD55}.Debug|x86.ActiveCfg = Debug|Any CPU
		{57F46B35-874C-4C84-874F-BE569899BD55}.Debug|x86.Build.0 = Debug|Any CPU
		{57F46B35-874C-4C84-874F-BE569899BD55}.Release|Any CPU.ActiveCfg = Release|Any CPU
		{57F46B35-874C-4C84-874F-BE569899BD55}.Release|Any CPU.Build.0 = Release|Any CPU
		{57F46B35-874C-4C84-874F-BE569899BD55}.Release|x64.ActiveCfg = Release|Any CPU
		{57F46B35-874C-4C84-874F-BE569899BD55}.Release|x64.Build.0 = Release|Any CPU
		{57F46B35-874C-4C84-874F-BE569899BD55}.Release|x86.ActiveCfg = Release|Any CPU
		{57F46B35-874C-4C84-874F-BE569899BD55}.Release|x86.Build.0 = Release|Any CPU
		{30A23136-E902-4A05-A2AC-40EB7A06A810}.Debug|Any CPU.ActiveCfg = Debug|Any CPU
		{30A23136-E902-4A05-A2AC-40EB7A06A810}.Debug|Any CPU.Build.0 = Debug|Any CPU
		{30A23136-E902-4A05-A2AC-40EB7A06A810}.Debug|x64.ActiveCfg = Debug|Any CPU
		{30A23136-E902-4A05-A2AC-40EB7A06A810}.Debug|x64.Build.0 = Debug|Any CPU
		{30A23136-E902-4A05-A2AC-40EB7A06A810}.Debug|x86.ActiveCfg = Debug|Any CPU
		{30A23136-E902-4A05-A2AC-40EB7A06A810}.Debug|x86.Build.0 = Debug|Any CPU
		{30A23136-E902-4A05-A2AC-40EB7A06A810}.Release|Any CPU.ActiveCfg = Release|Any CPU
		{30A23136-E902-4A05-A2AC-40EB7A06A810}.Release|Any CPU.Build.0 = Release|Any CPU
		{30A23136-E902-4A05-A2AC-40EB7A06A810}.Release|x64.ActiveCfg = Release|Any CPU
		{30A23136-E902-4A05-A2AC-40EB7A06A810}.Release|x64.Build.0 = Release|Any CPU
		{30A23136-E902-4A05-A2AC-40EB7A06A810}.Release|x86.ActiveCfg = Release|Any CPU
		{30A23136-E902-4A05-A2AC-40EB7A06A810}.Release|x86.Build.0 = Release|Any CPU
		{DA1438CC-E30E-470A-B250-52AA9C72D612}.Debug|Any CPU.ActiveCfg = Debug|Any CPU
		{DA1438CC-E30E-470A-B250-52AA9C72D612}.Debug|Any CPU.Build.0 = Debug|Any CPU
		{DA1438CC-E30E-470A-B250-52AA9C72D612}.Debug|x64.ActiveCfg = Debug|Any CPU
		{DA1438CC-E30E-470A-B250-52AA9C72D612}.Debug|x64.Build.0 = Debug|Any CPU
		{DA1438CC-E30E-470A-B250-52AA9C72D612}.Debug|x86.ActiveCfg = Debug|Any CPU
		{DA1438CC-E30E-470A-B250-52AA9C72D612}.Debug|x86.Build.0 = Debug|Any CPU
		{DA1438CC-E30E-470A-B250-52AA9C72D612}.Release|Any CPU.ActiveCfg = Release|Any CPU
		{DA1438CC-E30E-470A-B250-52AA9C72D612}.Release|Any CPU.Build.0 = Release|Any CPU
		{DA1438CC-E30E-470A-B250-52AA9C72D612}.Release|x64.ActiveCfg = Release|Any CPU
		{DA1438CC-E30E-470A-B250-52AA9C72D612}.Release|x64.Build.0 = Release|Any CPU
		{DA1438CC-E30E-470A-B250-52AA9C72D612}.Release|x86.ActiveCfg = Release|Any CPU
		{DA1438CC-E30E-470A-B250-52AA9C72D612}.Release|x86.Build.0 = Release|Any CPU
	EndGlobalSection
	GlobalSection(SolutionProperties) = preSolution
		HideSolutionNode = FALSE
	EndGlobalSection
	GlobalSection(NestedProjects) = preSolution
		{2F7C2141-C3D5-4AB7-8F8E-A01F27F51A43} = {827E0CD3-B72D-47B6-A68D-7590B98EB39B}
		{F65BA51E-9D9A-408E-B23F-931BF56AF0D2} = {827E0CD3-B72D-47B6-A68D-7590B98EB39B}
		{23431447-9DE9-4634-9D93-3B4E367C8231} = {827E0CD3-B72D-47B6-A68D-7590B98EB39B}
		{E7BB740F-EC28-46B2-A094-A7341D494A41} = {827E0CD3-B72D-47B6-A68D-7590B98EB39B}
		{57F46B35-874C-4C84-874F-BE569899BD55} = {827E0CD3-B72D-47B6-A68D-7590B98EB39B}
		{30A23136-E902-4A05-A2AC-40EB7A06A810} = {0AB3BF05-4346-4AA6-1389-037BE0695223}
		{DA1438CC-E30E-470A-B250-52AA9C72D612} = {0AB3BF05-4346-4AA6-1389-037BE0695223}
	EndGlobalSection
EndGlobal
